
Microsoft Visual Studio Solution File, Format Version 12.00
# Visual Studio Version 17
VisualStudioVersion = 17.2.32616.157
MinimumVisualStudioVersion = 10.0.40219.1
Project("{2150E333-8FDC-42A3-9474-1A3956D46DE8}") = "src", "src", "{156FD628-2555-4E7A-AA29-7E3E69CAD67F}"
EndProject
Project("{2150E333-8FDC-42A3-9474-1A3956D46DE8}") = "service", "service", "{95E195A9-4984-4C87-B33E-59D64365FBF3}"
EndProject
Project("{2150E333-8FDC-42A3-9474-1A3956D46DE8}") = "Basket", "Basket", "{00AB1843-58C8-48B3-ADD3-E181AFB8EFD3}"
EndProject
Project("{2150E333-8FDC-42A3-9474-1A3956D46DE8}") = "Catalog", "Catalog", "{D50CB3B6-B497-4A60-86C8-72A5D12B1039}"
EndProject
Project("{2150E333-8FDC-42A3-9474-1A3956D46DE8}") = "Discount", "Discount", "{45903F9E-06B4-4704-9E61-AEEAA51C725B}"
EndProject
Project("{2150E333-8FDC-42A3-9474-1A3956D46DE8}") = "Ordering", "Ordering", "{123F4B32-9DF0-4520-8C70-0D2880249AD7}"
EndProject
Project("{9A19103F-16F7-4668-BE54-9A1E7A4F7556}") = "Basket.Api", "Basket\Basket.Api\Basket.Api.csproj", "{69BFC663-434A-4E3F-8A0F-8A98EBFB4B20}"
EndProject
Project("{9A19103F-16F7-4668-BE54-9A1E7A4F7556}") = "Catalog.Api", "Catalog\Catalog.Api\Catalog.Api.csproj", "{A4D590CD-8CE7-4BD8-B29B-C0A8420218B2}"
EndProject
Project("{9A19103F-16F7-4668-BE54-9A1E7A4F7556}") = "Discount.Api", "Discount\Discount.Api\Discount.Api.csproj", "{E74911F2-452D-4065-90C0-A08CCB9E332A}"
EndProject
Project("{9A19103F-16F7-4668-BE54-9A1E7A4F7556}") = "Discount.Grpc", "Discount\Discount.Grpc\Discount.Grpc.csproj", "{71ECDF51-F526-4A5C-AA7A-5AF267B02626}"
EndProject
Project("{9A19103F-16F7-4668-BE54-9A1E7A4F7556}") = "Ordering.Api", "Ordering\Ordering.Api\Ordering.Api.csproj", "{758810B6-A173-43A7-B7E1-0C85E8359CE8}"
EndProject
Global
	GlobalSection(SolutionConfigurationPlatforms) = preSolution
		Debug|Any CPU = Debug|Any CPU
		Release|Any CPU = Release|Any CPU
	EndGlobalSection
	GlobalSection(ProjectConfigurationPlatforms) = postSolution
		{69BFC663-434A-4E3F-8A0F-8A98EBFB4B20}.Debug|Any CPU.ActiveCfg = Debug|Any CPU
		{69BFC663-434A-4E3F-8A0F-8A98EBFB4B20}.Debug|Any CPU.Build.0 = Debug|Any CPU
		{69BFC663-434A-4E3F-8A0F-8A98EBFB4B20}.Release|Any CPU.ActiveCfg = Release|Any CPU
		{69BFC663-434A-4E3F-8A0F-8A98EBFB4B20}.Release|Any CPU.Build.0 = Release|Any CPU
		{A4D590CD-8CE7-4BD8-B29B-C0A8420218B2}.Debug|Any CPU.ActiveCfg = Debug|Any CPU
		{A4D590CD-8CE7-4BD8-B29B-C0A8420218B2}.Debug|Any CPU.Build.0 = Debug|Any CPU
		{A4D590CD-8CE7-4BD8-B29B-C0A8420218B2}.Release|Any CPU.ActiveCfg = Release|Any CPU
		{A4D590CD-8CE7-4BD8-B29B-C0A8420218B2}.Release|Any CPU.Build.0 = Release|Any CPU
		{E74911F2-452D-4065-90C0-A08CCB9E332A}.Debug|Any CPU.ActiveCfg = Debug|Any CPU
		{E74911F2-452D-4065-90C0-A08CCB9E332A}.Debug|Any CPU.Build.0 = Debug|Any CPU
		{E74911F2-452D-4065-90C0-A08CCB9E332A}.Release|Any CPU.ActiveCfg = Release|Any CPU
		{E74911F2-452D-4065-90C0-A08CCB9E332A}.Release|Any CPU.Build.0 = Release|Any CPU
		{71ECDF51-F526-4A5C-AA7A-5AF267B02626}.Debug|Any CPU.ActiveCfg = Debug|Any CPU
		{71ECDF51-F526-4A5C-AA7A-5AF267B02626}.Debug|Any CPU.Build.0 = Debug|Any CPU
		{71ECDF51-F526-4A5C-AA7A-5AF267B02626}.Release|Any CPU.ActiveCfg = Release|Any CPU
		{71ECDF51-F526-4A5C-AA7A-5AF267B02626}.Release|Any CPU.Build.0 = Release|Any CPU
		{758810B6-A173-43A7-B7E1-0C85E8359CE8}.Debug|Any CPU.ActiveCfg = Debug|Any CPU
		{758810B6-A173-43A7-B7E1-0C85E8359CE8}.Debug|Any CPU.Build.0 = Debug|Any CPU
		{758810B6-A173-43A7-B7E1-0C85E8359CE8}.Release|Any CPU.ActiveCfg = Release|Any CPU
		{758810B6-A173-43A7-B7E1-0C85E8359CE8}.Release|Any CPU.Build.0 = Release|Any CPU
	EndGlobalSection
	GlobalSection(SolutionProperties) = preSolution
		HideSolutionNode = FALSE
	EndGlobalSection
	GlobalSection(NestedProjects) = preSolution
		{95E195A9-4984-4C87-B33E-59D64365FBF3} = {156FD628-2555-4E7A-AA29-7E3E69CAD67F}
		{00AB1843-58C8-48B3-ADD3-E181AFB8EFD3} = {95E195A9-4984-4C87-B33E-59D64365FBF3}
		{D50CB3B6-B497-4A60-86C8-72A5D12B1039} = {95E195A9-4984-4C87-B33E-59D64365FBF3}
		{45903F9E-06B4-4704-9E61-AEEAA51C725B} = {95E195A9-4984-4C87-B33E-59D64365FBF3}
		{123F4B32-9DF0-4520-8C70-0D2880249AD7} = {95E195A9-4984-4C87-B33E-59D64365FBF3}
		{69BFC663-434A-4E3F-8A0F-8A98EBFB4B20} = {00AB1843-58C8-48B3-ADD3-E181AFB8EFD3}
		{A4D590CD-8CE7-4BD8-B29B-C0A8420218B2} = {D50CB3B6-B497-4A60-86C8-72A5D12B1039}
		{E74911F2-452D-4065-90C0-A08CCB9E332A} = {45903F9E-06B4-4704-9E61-AEEAA51C725B}
		{71ECDF51-F526-4A5C-AA7A-5AF267B02626} = {45903F9E-06B4-4704-9E61-AEEAA51C725B}
		{758810B6-A173-43A7-B7E1-0C85E8359CE8} = {123F4B32-9DF0-4520-8C70-0D2880249AD7}
	EndGlobalSection
	GlobalSection(ExtensibilityGlobals) = postSolution
		SolutionGuid = {73E1B672-CA51-410F-8625-8322D8D1CE9E}
	EndGlobalSection
EndGlobal
